
Microsoft Visual Studio Solution File, Format Version 12.00
# Visual Studio 15
VisualStudioVersion = 15.0.26228.9
MinimumVisualStudioVersion = 10.0.40219.1
Project("{FAE04EC0-301F-11D3-BF4B-00C04F79EFBC}") = "SourceGraphExtractionUtils", "SourceGraphExtractionUtils\SourceGraphExtractionUtils.csproj", "{E7296553-CC60-4259-A7A2-29F45A07BBE8}"
EndProject
Project("{FAE04EC0-301F-11D3-BF4B-00C04F79EFBC}") = "ExpressionDataExtractor", "ExpressionDataExtractor\ExpressionDataExtractor.csproj", "{7880171B-4B9D-44B9-8615-EB5622E0D6E3}"
EndProject
Global
	GlobalSection(SolutionConfigurationPlatforms) = preSolution
		Debug|Any CPU = Debug|Any CPU
		Release|Any CPU = Release|Any CPU
	EndGlobalSection
	GlobalSection(ProjectConfigurationPlatforms) = postSolution
		{E7296553-CC60-4259-A7A2-29F45A07BBE8}.Debug|Any CPU.ActiveCfg = Debug|Any CPU
		{E7296553-CC60-4259-A7A2-29F45A07BBE8}.Debug|Any CPU.Build.0 = Debug|Any CPU
		{E7296553-CC60-4259-A7A2-29F45A07BBE8}.Release|Any CPU.ActiveCfg = Release|Any CPU
		{E7296553-CC60-4259-A7A2-29F45A07BBE8}.Release|Any CPU.Build.0 = Release|Any CPU
		{7880171B-4B9D-44B9-8615-EB5622E0D6E3}.Debug|Any CPU.ActiveCfg = Debug|Any CPU
		{7880171B-4B9D-44B9-8615-EB5622E0D6E3}.Debug|Any CPU.Build.0 = Debug|Any CPU
		{7880171B-4B9D-44B9-8615-EB5622E0D6E3}.Release|Any CPU.ActiveCfg = Release|Any CPU
		{7880171B-4B9D-44B9-8615-EB5622E0D6E3}.Release|Any CPU.Build.0 = Release|Any CPU
	EndGlobalSection
	GlobalSection(SolutionProperties) = preSolution
		HideSolutionNode = FALSE
	EndGlobalSection
	GlobalSection(ExtensibilityGlobals) = postSolution
		SolutionGuid = {47626409-5567-4997-B85B-0C8762D0B7C1}
	EndGlobalSection
	GlobalSection(Performance) = preSolution
		HasPerformanceSessions = true
	EndGlobalSection
	GlobalSection(Performance) = preSolution
		HasPerformanceSessions = true
	EndGlobalSection
	GlobalSection(Performance) = preSolution
		HasPerformanceSessions = true
	EndGlobalSection
EndGlobal
