
Microsoft Visual Studio Solution File, Format Version 12.00
# Visual Studio Version 16
VisualStudioVersion = 16.0.28516.95
MinimumVisualStudioVersion = 10.0.40219.1
Project("{9A19103F-16F7-4668-BE54-9A1E7A4F7556}") = "SourceGraphExtractionUtils", "SourceGraphExtractionUtils\SourceGraphExtractionUtils.csproj", "{E7296553-CC60-4259-A7A2-29F45A07BBE8}"
EndProject
Project("{9A19103F-16F7-4668-BE54-9A1E7A4F7556}") = "ExpressionDataExtractor", "ExpressionDataExtractor\ExpressionDataExtractor.csproj", "{7880171B-4B9D-44B9-8615-EB5622E0D6E3}"
EndProject
Project("{9A19103F-16F7-4668-BE54-9A1E7A4F7556}") = "CSharpDatasetExtractionUtils", "CSharpDatasetExtractionUtils\CSharpDatasetExtractionUtils.csproj", "{ECFB5256-4B2F-4230-A0EE-F2330037250C}"
EndProject
Global
	GlobalSection(SolutionConfigurationPlatforms) = preSolution
		Debug|Any CPU = Debug|Any CPU
		Release|Any CPU = Release|Any CPU
	EndGlobalSection
	GlobalSection(ProjectConfigurationPlatforms) = postSolution
		{E7296553-CC60-4259-A7A2-29F45A07BBE8}.Debug|Any CPU.ActiveCfg = Debug|Any CPU
		{E7296553-CC60-4259-A7A2-29F45A07BBE8}.Debug|Any CPU.Build.0 = Debug|Any CPU
		{E7296553-CC60-4259-A7A2-29F45A07BBE8}.Release|Any CPU.ActiveCfg = Release|Any CPU
		{E7296553-CC60-4259-A7A2-29F45A07BBE8}.Release|Any CPU.Build.0 = Release|Any CPU
		{7880171B-4B9D-44B9-8615-EB5622E0D6E3}.Debug|Any CPU.ActiveCfg = Debug|Any CPU
		{7880171B-4B9D-44B9-8615-EB5622E0D6E3}.Debug|Any CPU.Build.0 = Debug|Any CPU
		{7880171B-4B9D-44B9-8615-EB5622E0D6E3}.Release|Any CPU.ActiveCfg = Release|Any CPU
		{7880171B-4B9D-44B9-8615-EB5622E0D6E3}.Release|Any CPU.Build.0 = Release|Any CPU
		{ECFB5256-4B2F-4230-A0EE-F2330037250C}.Debug|Any CPU.ActiveCfg = Debug|Any CPU
		{ECFB5256-4B2F-4230-A0EE-F2330037250C}.Debug|Any CPU.Build.0 = Debug|Any CPU
		{ECFB5256-4B2F-4230-A0EE-F2330037250C}.Release|Any CPU.ActiveCfg = Release|Any CPU
		{ECFB5256-4B2F-4230-A0EE-F2330037250C}.Release|Any CPU.Build.0 = Release|Any CPU
	EndGlobalSection
	GlobalSection(SolutionProperties) = preSolution
		HideSolutionNode = FALSE
	EndGlobalSection
	GlobalSection(ExtensibilityGlobals) = postSolution
		SolutionGuid = {47626409-5567-4997-B85B-0C8762D0B7C1}
	EndGlobalSection
	GlobalSection(Performance) = preSolution
		HasPerformanceSessions = true
	EndGlobalSection
	GlobalSection(Performance) = preSolution
		HasPerformanceSessions = true
	EndGlobalSection
	GlobalSection(Performance) = preSolution
		HasPerformanceSessions = true
	EndGlobalSection
EndGlobal
